// !$*UTF8*$!
{
	archiveVersion = 1;
	classes = {
	};
	objectVersion = 77;
	objects = {

/* Begin PBXBuildFile section */
		278081C52E7A7AAE00CD0907 /* SwiftSoup in Frameworks */ = {isa = PBXBuildFile; productRef = 278081C42E7A7AAE00CD0907 /* SwiftSoup */; };
		279324D52E8F8BDA00BC9320 /* AmplitudeSwift in Frameworks */ = {isa = PBXBuildFile; productRef = 279324D42E8F8BDA00BC9320 /* AmplitudeSwift */; };
		279324DC2E8F8E1D00BC9320 /* AnalyticsService.swift in Sources */ = {isa = PBXBuildFile; fileRef = 279324DB2E8F8E1C00BC9320 /* AnalyticsService.swift */; };
		27AB619E2E94BC50008E23FC /* SalykAPI.swift in Sources */ = {isa = PBXBuildFile; fileRef = 27AB619D2E94BC4B008E23FC /* SalykAPI.swift */; };
		27B101562E851246005B88D6 /* ContentView.swift in Sources */ = {isa = PBXBuildFile; fileRef = 27B101472E851246005B88D6 /* ContentView.swift */; };
		27B101572E851246005B88D6 /* Extensions.swift in Sources */ = {isa = PBXBuildFile; fileRef = 27B101482E851246005B88D6 /* Extensions.swift */; };
		27B101582E851246005B88D6 /* Log.swift in Sources */ = {isa = PBXBuildFile; fileRef = 27B1014A2E851246005B88D6 /* Log.swift */; };
		27B101592E851246005B88D6 /* MerchantHistoryView.swift in Sources */ = {isa = PBXBuildFile; fileRef = 27B1014B2E851246005B88D6 /* MerchantHistoryView.swift */; };
		27B1015A2E851246005B88D6 /* QRCodeView.swift in Sources */ = {isa = PBXBuildFile; fileRef = 27B1014C2E851246005B88D6 /* QRCodeView.swift */; };
		27B1015B2E851246005B88D6 /* QRScannerView.swift in Sources */ = {isa = PBXBuildFile; fileRef = 27B1014D2E851246005B88D6 /* QRScannerView.swift */; };
		27B1015C2E851246005B88D6 /* QRScanSheet.swift in Sources */ = {isa = PBXBuildFile; fileRef = 27B1014E2E851246005B88D6 /* QRScanSheet.swift */; };
		27B1015D2E851246005B88D6 /* Receipt.swift in Sources */ = {isa = PBXBuildFile; fileRef = 27B1014F2E851246005B88D6 /* Receipt.swift */; };
		27B1015E2E851246005B88D6 /* ReceiptDetailView.swift in Sources */ = {isa = PBXBuildFile; fileRef = 27B101502E851246005B88D6 /* ReceiptDetailView.swift */; };
		27B1015F2E851246005B88D6 /* ReceiptFetcher.swift in Sources */ = {isa = PBXBuildFile; fileRef = 27B101512E851246005B88D6 /* ReceiptFetcher.swift */; };
		27B101602E851246005B88D6 /* ReceiptsMVPApp.swift in Sources */ = {isa = PBXBuildFile; fileRef = 27B101522E851246005B88D6 /* ReceiptsMVPApp.swift */; };
		27B101612E851246005B88D6 /* ReceiptStore.swift in Sources */ = {isa = PBXBuildFile; fileRef = 27B101532E851246005B88D6 /* ReceiptStore.swift */; };
		27B101722E853700005B88D6 /* ShareSheet.swift in Sources */ = {isa = PBXBuildFile; fileRef = 27B101712E853700005B88D6 /* ShareSheet.swift */; };
		27B101772E853726005B88D6 /* Models.swift in Sources */ = {isa = PBXBuildFile; fileRef = 27B101762E853726005B88D6 /* Models.swift */; };
		27B101782E853726005B88D6 /* ISO8601+TZ.swift in Sources */ = {isa = PBXBuildFile; fileRef = 27B101752E853726005B88D6 /* ISO8601+TZ.swift */; };
		27B101792E853726005B88D6 /* DateAndDecodingHelpers.swift in Sources */ = {isa = PBXBuildFile; fileRef = 27B101742E853726005B88D6 /* DateAndDecodingHelpers.swift */; };
		27B1017B2E85374D005B88D6 /* StatementsRootView.swift in Sources */ = {isa = PBXBuildFile; fileRef = 27B1017A2E85374D005B88D6 /* StatementsRootView.swift */; };
		27B1017D2E853764005B88D6 /* StatementStorage.swift in Sources */ = {isa = PBXBuildFile; fileRef = 27B1017C2E853764005B88D6 /* StatementStorage.swift */; };
		27B101802E8537D5005B88D6 /* DebugLog.swift in Sources */ = {isa = PBXBuildFile; fileRef = 27B1017F2E8537D5005B88D6 /* DebugLog.swift */; };
		27B1018B2E853E89005B88D6 /* MainTabView.swift in Sources */ = {isa = PBXBuildFile; fileRef = 27B1018A2E853E7B005B88D6 /* MainTabView.swift */; };
		27B1018D2E85422C005B88D6 /* APIClient.swift in Sources */ = {isa = PBXBuildFile; fileRef = 27B1018C2E854226005B88D6 /* APIClient.swift */; };
		27B101922E854976005B88D6 /* CurrencyFormatter.swift in Sources */ = {isa = PBXBuildFile; fileRef = 27B101912E854974005B88D6 /* CurrencyFormatter.swift */; };
		27B101972E8556F7005B88D6 /* PrimaryButtonStyle.swift in Sources */ = {isa = PBXBuildFile; fileRef = 27B101962E8556F5005B88D6 /* PrimaryButtonStyle.swift */; };
		27B1019E2E857A61005B88D6 /* DateFormatters.swift in Sources */ = {isa = PBXBuildFile; fileRef = 27B1019D2E857A59005B88D6 /* DateFormatters.swift */; };
		27B101A02E857C7A005B88D6 /* PressableRowStyle.swift in Sources */ = {isa = PBXBuildFile; fileRef = 27B1019F2E857C79005B88D6 /* PressableRowStyle.swift */; };
		27B101A32E858633005B88D6 /* ChartHelpers.swift in Sources */ = {isa = PBXBuildFile; fileRef = 27B101A22E85862D005B88D6 /* ChartHelpers.swift */; };
		27B101A72E859449005B88D6 /* SpendingChartDailyBars.swift in Sources */ = {isa = PBXBuildFile; fileRef = 27B101A62E859448005B88D6 /* SpendingChartDailyBars.swift */; };
		27B101AA2E85C06A005B88D6 /* ReceiptTicket.swift in Sources */ = {isa = PBXBuildFile; fileRef = 27B101A92E85C064005B88D6 /* ReceiptTicket.swift */; };
		27B101AD2E85C08F005B88D6 /* ReceiptMatcher.swift in Sources */ = {isa = PBXBuildFile; fileRef = 27B101AC2E85C08B005B88D6 /* ReceiptMatcher.swift */; };
		27B101AF2E85C0B0005B88D6 /* ReceiptMatchStore.swift in Sources */ = {isa = PBXBuildFile; fileRef = 27B101AE2E85C0AF005B88D6 /* ReceiptMatchStore.swift */; };
		27B101B32E85C0E5005B88D6 /* TransactionRow.swift in Sources */ = {isa = PBXBuildFile; fileRef = 27B101B22E85C0E3005B88D6 /* TransactionRow.swift */; };
		27B101B52E85C146005B88D6 /* TransactionsListView.swift in Sources */ = {isa = PBXBuildFile; fileRef = 27B101B42E85C145005B88D6 /* TransactionsListView.swift */; };
		27B101B72E85C38D005B88D6 /* Transaction.swift in Sources */ = {isa = PBXBuildFile; fileRef = 27B101B62E85C386005B88D6 /* Transaction.swift */; };
		27B101B92E85C3AA005B88D6 /* ReceiptMatch.swift in Sources */ = {isa = PBXBuildFile; fileRef = 27B101B82E85C3A6005B88D6 /* ReceiptMatch.swift */; };
		27B101BB2E85C499005B88D6 /* InAppBrowserView.swift in Sources */ = {isa = PBXBuildFile; fileRef = 27B101BA2E85C497005B88D6 /* InAppBrowserView.swift */; };
		27B101C02E85C7A9005B88D6 /* TxAdapter.swift in Sources */ = {isa = PBXBuildFile; fileRef = 27B101BF2E85C7A6005B88D6 /* TxAdapter.swift */; };
		27B101C22E85C7C5005B88D6 /* ReceiptStorageBridge.swift in Sources */ = {isa = PBXBuildFile; fileRef = 27B101C12E85C7C4005B88D6 /* ReceiptStorageBridge.swift */; };
		27B101C42E85C7EB005B88D6 /* MatchBadge.swift in Sources */ = {isa = PBXBuildFile; fileRef = 27B101C32E85C7EA005B88D6 /* MatchBadge.swift */; };
		27B101C72E85CE85005B88D6 /* Notifications.swift in Sources */ = {isa = PBXBuildFile; fileRef = 27B101C62E85CE84005B88D6 /* Notifications.swift */; };
		27B101CB2E86585C005B88D6 /* OnboardingView.swift in Sources */ = {isa = PBXBuildFile; fileRef = 27B101CA2E86585B005B88D6 /* OnboardingView.swift */; };
/* End PBXBuildFile section */

/* Begin PBXFileReference section */
		278081CC2E7AAC5000CD0907 /* ReceiptsMVP.app */ = {isa = PBXFileReference; explicitFileType = wrapper.application; includeInIndex = 0; path = ReceiptsMVP.app; sourceTree = BUILT_PRODUCTS_DIR; };
		279324DB2E8F8E1C00BC9320 /* AnalyticsService.swift */ = {isa = PBXFileReference; lastKnownFileType = sourcecode.swift; path = AnalyticsService.swift; sourceTree = "<group>"; };
		279324E22E8F9F8500BC9320 /* Info.plist */ = {isa = PBXFileReference; explicitFileType = text.plist.info; path = Info.plist; sourceTree = "<group>"; };
		27AB619D2E94BC4B008E23FC /* SalykAPI.swift */ = {isa = PBXFileReference; lastKnownFileType = sourcecode.swift; path = SalykAPI.swift; sourceTree = "<group>"; };
		27B101472E851246005B88D6 /* ContentView.swift */ = {isa = PBXFileReference; lastKnownFileType = sourcecode.swift; path = ContentView.swift; sourceTree = "<group>"; };
		27B101482E851246005B88D6 /* Extensions.swift */ = {isa = PBXFileReference; lastKnownFileType = sourcecode.swift; path = Extensions.swift; sourceTree = "<group>"; };
		27B1014A2E851246005B88D6 /* Log.swift */ = {isa = PBXFileReference; lastKnownFileType = sourcecode.swift; path = Log.swift; sourceTree = "<group>"; };
		27B1014B2E851246005B88D6 /* MerchantHistoryView.swift */ = {isa = PBXFileReference; lastKnownFileType = sourcecode.swift; path = MerchantHistoryView.swift; sourceTree = "<group>"; };
		27B1014C2E851246005B88D6 /* QRCodeView.swift */ = {isa = PBXFileReference; lastKnownFileType = sourcecode.swift; path = QRCodeView.swift; sourceTree = "<group>"; };
		27B1014D2E851246005B88D6 /* QRScannerView.swift */ = {isa = PBXFileReference; lastKnownFileType = sourcecode.swift; path = QRScannerView.swift; sourceTree = "<group>"; };
		27B1014E2E851246005B88D6 /* QRScanSheet.swift */ = {isa = PBXFileReference; lastKnownFileType = sourcecode.swift; path = QRScanSheet.swift; sourceTree = "<group>"; };
		27B1014F2E851246005B88D6 /* Receipt.swift */ = {isa = PBXFileReference; lastKnownFileType = sourcecode.swift; path = Receipt.swift; sourceTree = "<group>"; };
		27B101502E851246005B88D6 /* ReceiptDetailView.swift */ = {isa = PBXFileReference; lastKnownFileType = sourcecode.swift; path = ReceiptDetailView.swift; sourceTree = "<group>"; };
		27B101512E851246005B88D6 /* ReceiptFetcher.swift */ = {isa = PBXFileReference; lastKnownFileType = sourcecode.swift; path = ReceiptFetcher.swift; sourceTree = "<group>"; };
		27B101522E851246005B88D6 /* ReceiptsMVPApp.swift */ = {isa = PBXFileReference; lastKnownFileType = sourcecode.swift; path = ReceiptsMVPApp.swift; sourceTree = "<group>"; };
		27B101532E851246005B88D6 /* ReceiptStore.swift */ = {isa = PBXFileReference; lastKnownFileType = sourcecode.swift; path = ReceiptStore.swift; sourceTree = "<group>"; };
		27B101712E853700005B88D6 /* ShareSheet.swift */ = {isa = PBXFileReference; lastKnownFileType = sourcecode.swift; path = ShareSheet.swift; sourceTree = "<group>"; };
		27B101742E853726005B88D6 /* DateAndDecodingHelpers.swift */ = {isa = PBXFileReference; lastKnownFileType = sourcecode.swift; path = DateAndDecodingHelpers.swift; sourceTree = "<group>"; };
		27B101752E853726005B88D6 /* ISO8601+TZ.swift */ = {isa = PBXFileReference; lastKnownFileType = sourcecode.swift; path = "ISO8601+TZ.swift"; sourceTree = "<group>"; };
		27B101762E853726005B88D6 /* Models.swift */ = {isa = PBXFileReference; lastKnownFileType = sourcecode.swift; path = Models.swift; sourceTree = "<group>"; };
		27B1017A2E85374D005B88D6 /* StatementsRootView.swift */ = {isa = PBXFileReference; lastKnownFileType = sourcecode.swift; path = StatementsRootView.swift; sourceTree = "<group>"; };
		27B1017C2E853764005B88D6 /* StatementStorage.swift */ = {isa = PBXFileReference; lastKnownFileType = sourcecode.swift; path = StatementStorage.swift; sourceTree = "<group>"; };
		27B1017F2E8537D5005B88D6 /* DebugLog.swift */ = {isa = PBXFileReference; lastKnownFileType = sourcecode.swift; path = DebugLog.swift; sourceTree = "<group>"; };
		27B1018A2E853E7B005B88D6 /* MainTabView.swift */ = {isa = PBXFileReference; lastKnownFileType = sourcecode.swift; path = MainTabView.swift; sourceTree = "<group>"; };
		27B1018C2E854226005B88D6 /* APIClient.swift */ = {isa = PBXFileReference; lastKnownFileType = sourcecode.swift; path = APIClient.swift; sourceTree = "<group>"; };
		27B101912E854974005B88D6 /* CurrencyFormatter.swift */ = {isa = PBXFileReference; lastKnownFileType = sourcecode.swift; path = CurrencyFormatter.swift; sourceTree = "<group>"; };
		27B101962E8556F5005B88D6 /* PrimaryButtonStyle.swift */ = {isa = PBXFileReference; lastKnownFileType = sourcecode.swift; path = PrimaryButtonStyle.swift; sourceTree = "<group>"; };
		27B1019D2E857A59005B88D6 /* DateFormatters.swift */ = {isa = PBXFileReference; lastKnownFileType = sourcecode.swift; path = DateFormatters.swift; sourceTree = "<group>"; };
		27B1019F2E857C79005B88D6 /* PressableRowStyle.swift */ = {isa = PBXFileReference; lastKnownFileType = sourcecode.swift; path = PressableRowStyle.swift; sourceTree = "<group>"; };
		27B101A22E85862D005B88D6 /* ChartHelpers.swift */ = {isa = PBXFileReference; lastKnownFileType = sourcecode.swift; path = ChartHelpers.swift; sourceTree = "<group>"; };
		27B101A62E859448005B88D6 /* SpendingChartDailyBars.swift */ = {isa = PBXFileReference; lastKnownFileType = sourcecode.swift; path = SpendingChartDailyBars.swift; sourceTree = "<group>"; };
		27B101A92E85C064005B88D6 /* ReceiptTicket.swift */ = {isa = PBXFileReference; lastKnownFileType = sourcecode.swift; path = ReceiptTicket.swift; sourceTree = "<group>"; };
		27B101AC2E85C08B005B88D6 /* ReceiptMatcher.swift */ = {isa = PBXFileReference; lastKnownFileType = sourcecode.swift; path = ReceiptMatcher.swift; sourceTree = "<group>"; };
		27B101AE2E85C0AF005B88D6 /* ReceiptMatchStore.swift */ = {isa = PBXFileReference; lastKnownFileType = sourcecode.swift; path = ReceiptMatchStore.swift; sourceTree = "<group>"; };
		27B101B22E85C0E3005B88D6 /* TransactionRow.swift */ = {isa = PBXFileReference; lastKnownFileType = sourcecode.swift; path = TransactionRow.swift; sourceTree = "<group>"; };
		27B101B42E85C145005B88D6 /* TransactionsListView.swift */ = {isa = PBXFileReference; lastKnownFileType = sourcecode.swift; path = TransactionsListView.swift; sourceTree = "<group>"; };
		27B101B62E85C386005B88D6 /* Transaction.swift */ = {isa = PBXFileReference; lastKnownFileType = sourcecode.swift; path = Transaction.swift; sourceTree = "<group>"; };
		27B101B82E85C3A6005B88D6 /* ReceiptMatch.swift */ = {isa = PBXFileReference; lastKnownFileType = sourcecode.swift; path = ReceiptMatch.swift; sourceTree = "<group>"; };
		27B101BA2E85C497005B88D6 /* InAppBrowserView.swift */ = {isa = PBXFileReference; lastKnownFileType = sourcecode.swift; path = InAppBrowserView.swift; sourceTree = "<group>"; };
		27B101BF2E85C7A6005B88D6 /* TxAdapter.swift */ = {isa = PBXFileReference; lastKnownFileType = sourcecode.swift; path = TxAdapter.swift; sourceTree = "<group>"; };
		27B101C12E85C7C4005B88D6 /* ReceiptStorageBridge.swift */ = {isa = PBXFileReference; lastKnownFileType = sourcecode.swift; path = ReceiptStorageBridge.swift; sourceTree = "<group>"; };
		27B101C32E85C7EA005B88D6 /* MatchBadge.swift */ = {isa = PBXFileReference; lastKnownFileType = sourcecode.swift; path = MatchBadge.swift; sourceTree = "<group>"; };
		27B101C62E85CE84005B88D6 /* Notifications.swift */ = {isa = PBXFileReference; lastKnownFileType = sourcecode.swift; path = Notifications.swift; sourceTree = "<group>"; };
		27B101CA2E86585B005B88D6 /* OnboardingView.swift */ = {isa = PBXFileReference; lastKnownFileType = sourcecode.swift; path = OnboardingView.swift; sourceTree = "<group>"; };
/* End PBXFileReference section */

/* Begin PBXFileSystemSynchronizedRootGroup section */
		278F15F62E7931DC008A4D1C /* ReceiptsMVP */ = {
			isa = PBXFileSystemSynchronizedRootGroup;
			path = ReceiptsMVP;
			sourceTree = "<group>";
		};
/* End PBXFileSystemSynchronizedRootGroup section */

/* Begin PBXFrameworksBuildPhase section */
		278F15F12E7931DC008A4D1C /* Frameworks */ = {
			isa = PBXFrameworksBuildPhase;
			buildActionMask = 2147483647;
			files = (
				279324D52E8F8BDA00BC9320 /* AmplitudeSwift in Frameworks */,
				278081C52E7A7AAE00CD0907 /* SwiftSoup in Frameworks */,
			);
			runOnlyForDeploymentPostprocessing = 0;
		};
/* End PBXFrameworksBuildPhase section */

/* Begin PBXGroup section */
		278F15EB2E7931DC008A4D1C = {
			isa = PBXGroup;
			children = (
				279324E22E8F9F8500BC9320 /* Info.plist */,
				27B101862E853E16005B88D6 /* App */,
				27B101852E853E0E005B88D6 /* Shared */,
				27B101642E851363005B88D6 /* Features */,
				278081CC2E7AAC5000CD0907 /* ReceiptsMVP.app */,
				278F15F62E7931DC008A4D1C /* ReceiptsMVP */,
			);
			sourceTree = "<group>";
		};
		279324DA2E8F8E1000BC9320 /* Analytics */ = {
			isa = PBXGroup;
			children = (
				279324DB2E8F8E1C00BC9320 /* AnalyticsService.swift */,
			);
			path = Analytics;
			sourceTree = "<group>";
		};
		27B101642E851363005B88D6 /* Features */ = {
			isa = PBXGroup;
			children = (
				27B101902E854778005B88D6 /* Receipts */,
				27B1016A2E851577005B88D6 /* Statements */,
			);
			path = Features;
			sourceTree = "<group>";
		};
		27B1016A2E851577005B88D6 /* Statements */ = {
			isa = PBXGroup;
			children = (
				27B1017E2E8537BE005B88D6 /* Debug */,
				27B1016E2E851593005B88D6 /* Views */,
				27B1016C2E851588005B88D6 /* Models */,
			);
			path = Statements;
			sourceTree = "<group>";
		};
		27B1016C2E851588005B88D6 /* Models */ = {
			isa = PBXGroup;
			children = (
				27B101762E853726005B88D6 /* Models.swift */,
			);
			path = Models;
			sourceTree = "<group>";
		};
		27B1016E2E851593005B88D6 /* Views */ = {
			isa = PBXGroup;
			children = (
				27B101C32E85C7EA005B88D6 /* MatchBadge.swift */,
				27B101B42E85C145005B88D6 /* TransactionsListView.swift */,
				27B101B22E85C0E3005B88D6 /* TransactionRow.swift */,
				27B1017A2E85374D005B88D6 /* StatementsRootView.swift */,
			);
			path = Views;
			sourceTree = "<group>";
		};
		27B1017E2E8537BE005B88D6 /* Debug */ = {
			isa = PBXGroup;
			children = (
				27B1017F2E8537D5005B88D6 /* DebugLog.swift */,
			);
			path = Debug;
			sourceTree = "<group>";
		};
		27B101852E853E0E005B88D6 /* Shared */ = {
			isa = PBXGroup;
			children = (
				279324DA2E8F8E1000BC9320 /* Analytics */,
				27B101C52E85CE7A005B88D6 /* Utils */,
				27B101BE2E85C7A0005B88D6 /* Adapters */,
				27B101AB2E85C083005B88D6 /* Matching */,
				27B101A82E85C05B005B88D6 /* Models */,
				27B101A12E858621005B88D6 /* Charts */,
				27B1018E2E8544AD005B88D6 /* Storage */,
				27B101892E853E52005B88D6 /* Components */,
				27B101882E853E25005B88D6 /* Formatters */,
				27B101872E853E1C005B88D6 /* Networking */,
			);
			path = Shared;
			sourceTree = "<group>";
		};
		27B101862E853E16005B88D6 /* App */ = {
			isa = PBXGroup;
			children = (
				27B1018A2E853E7B005B88D6 /* MainTabView.swift */,
				27B101522E851246005B88D6 /* ReceiptsMVPApp.swift */,
			);
			path = App;
			sourceTree = "<group>";
		};
		27B101872E853E1C005B88D6 /* Networking */ = {
			isa = PBXGroup;
			children = (
				27AB619D2E94BC4B008E23FC /* SalykAPI.swift */,
				27B1018C2E854226005B88D6 /* APIClient.swift */,
			);
			path = Networking;
			sourceTree = "<group>";
		};
		27B101882E853E25005B88D6 /* Formatters */ = {
			isa = PBXGroup;
			children = (
				27B1019D2E857A59005B88D6 /* DateFormatters.swift */,
				27B101912E854974005B88D6 /* CurrencyFormatter.swift */,
				27B101742E853726005B88D6 /* DateAndDecodingHelpers.swift */,
				27B101752E853726005B88D6 /* ISO8601+TZ.swift */,
			);
			path = Formatters;
			sourceTree = "<group>";
		};
		27B101892E853E52005B88D6 /* Components */ = {
			isa = PBXGroup;
			children = (
				27B101BA2E85C497005B88D6 /* InAppBrowserView.swift */,
				27B1019F2E857C79005B88D6 /* PressableRowStyle.swift */,
				27B101962E8556F5005B88D6 /* PrimaryButtonStyle.swift */,
				27B101712E853700005B88D6 /* ShareSheet.swift */,
			);
			path = Components;
			sourceTree = "<group>";
		};
		27B1018E2E8544AD005B88D6 /* Storage */ = {
			isa = PBXGroup;
			children = (
				27B101C12E85C7C4005B88D6 /* ReceiptStorageBridge.swift */,
				27B101AE2E85C0AF005B88D6 /* ReceiptMatchStore.swift */,
				27B1017C2E853764005B88D6 /* StatementStorage.swift */,
			);
			path = Storage;
			sourceTree = "<group>";
		};
		27B101902E854778005B88D6 /* Receipts */ = {
			isa = PBXGroup;
			children = (
				27B101CA2E86585B005B88D6 /* OnboardingView.swift */,
				27B101472E851246005B88D6 /* ContentView.swift */,
				27B101482E851246005B88D6 /* Extensions.swift */,
				27B1014A2E851246005B88D6 /* Log.swift */,
				27B1014B2E851246005B88D6 /* MerchantHistoryView.swift */,
				27B1014C2E851246005B88D6 /* QRCodeView.swift */,
				27B1014D2E851246005B88D6 /* QRScannerView.swift */,
				27B1014E2E851246005B88D6 /* QRScanSheet.swift */,
				27B1014F2E851246005B88D6 /* Receipt.swift */,
				27B101502E851246005B88D6 /* ReceiptDetailView.swift */,
				27B101512E851246005B88D6 /* ReceiptFetcher.swift */,
				27B101532E851246005B88D6 /* ReceiptStore.swift */,
			);
			path = Receipts;
			sourceTree = "<group>";
		};
		27B101A12E858621005B88D6 /* Charts */ = {
			isa = PBXGroup;
			children = (
				27B101A62E859448005B88D6 /* SpendingChartDailyBars.swift */,
				27B101A22E85862D005B88D6 /* ChartHelpers.swift */,
			);
			path = Charts;
			sourceTree = "<group>";
		};
		27B101A82E85C05B005B88D6 /* Models */ = {
			isa = PBXGroup;
			children = (
				27B101B82E85C3A6005B88D6 /* ReceiptMatch.swift */,
				27B101B62E85C386005B88D6 /* Transaction.swift */,
				27B101A92E85C064005B88D6 /* ReceiptTicket.swift */,
			);
			path = Models;
			sourceTree = "<group>";
		};
		27B101AB2E85C083005B88D6 /* Matching */ = {
			isa = PBXGroup;
			children = (
				27B101AC2E85C08B005B88D6 /* ReceiptMatcher.swift */,
			);
			path = Matching;
			sourceTree = "<group>";
		};
		27B101BE2E85C7A0005B88D6 /* Adapters */ = {
			isa = PBXGroup;
			children = (
				27B101BF2E85C7A6005B88D6 /* TxAdapter.swift */,
			);
			path = Adapters;
			sourceTree = "<group>";
		};
		27B101C52E85CE7A005B88D6 /* Utils */ = {
			isa = PBXGroup;
			children = (
				27B101C62E85CE84005B88D6 /* Notifications.swift */,
			);
			path = Utils;
			sourceTree = "<group>";
		};
/* End PBXGroup section */

/* Begin PBXNativeTarget section */
		278F15F32E7931DC008A4D1C /* ReceiptsMVP */ = {
			isa = PBXNativeTarget;
			buildConfigurationList = 278F15FF2E7931DD008A4D1C /* Build configuration list for PBXNativeTarget "ReceiptsMVP" */;
			buildPhases = (
				278F15F02E7931DC008A4D1C /* Sources */,
				278F15F12E7931DC008A4D1C /* Frameworks */,
				278F15F22E7931DC008A4D1C /* Resources */,
			);
			buildRules = (
			);
			dependencies = (
			);
			fileSystemSynchronizedGroups = (
				278F15F62E7931DC008A4D1C /* ReceiptsMVP */,
			);
			name = ReceiptsMVP;
			packageProductDependencies = (
				278081C42E7A7AAE00CD0907 /* SwiftSoup */,
				279324D42E8F8BDA00BC9320 /* AmplitudeSwift */,
			);
			productName = ReceiptsMVP;
			productReference = 278081CC2E7AAC5000CD0907 /* ReceiptsMVP.app */;
			productType = "com.apple.product-type.application";
		};
/* End PBXNativeTarget section */

/* Begin PBXProject section */
		278F15EC2E7931DC008A4D1C /* Project object */ = {
			isa = PBXProject;
			attributes = {
				BuildIndependentTargetsInParallel = 1;
				LastSwiftUpdateCheck = 2600;
				LastUpgradeCheck = 2600;
				TargetAttributes = {
					278F15F32E7931DC008A4D1C = {
						CreatedOnToolsVersion = 26.0;
					};
				};
			};
			buildConfigurationList = 278F15EF2E7931DC008A4D1C /* Build configuration list for PBXProject "ReceiptsMVP" */;
			developmentRegion = en;
			hasScannedForEncodings = 0;
			knownRegions = (
				en,
				Base,
			);
			mainGroup = 278F15EB2E7931DC008A4D1C;
			minimizedProjectReferenceProxies = 1;
			packageReferences = (
				278081C32E7A7AAE00CD0907 /* XCRemoteSwiftPackageReference "SwiftSoup" */,
				279324D32E8F8BDA00BC9320 /* XCRemoteSwiftPackageReference "Amplitude-Swift" */,
			);
			preferredProjectObjectVersion = 77;
			productRefGroup = 278F15EB2E7931DC008A4D1C;
			projectDirPath = "";
			projectRoot = "";
			targets = (
				278F15F32E7931DC008A4D1C /* ReceiptsMVP */,
			);
		};
/* End PBXProject section */

/* Begin PBXResourcesBuildPhase section */
		278F15F22E7931DC008A4D1C /* Resources */ = {
			isa = PBXResourcesBuildPhase;
			buildActionMask = 2147483647;
			files = (
			);
			runOnlyForDeploymentPostprocessing = 0;
		};
/* End PBXResourcesBuildPhase section */

/* Begin PBXSourcesBuildPhase section */
		278F15F02E7931DC008A4D1C /* Sources */ = {
			isa = PBXSourcesBuildPhase;
			buildActionMask = 2147483647;
			files = (
				27B101562E851246005B88D6 /* ContentView.swift in Sources */,
				27B101AD2E85C08F005B88D6 /* ReceiptMatcher.swift in Sources */,
				27B101922E854976005B88D6 /* CurrencyFormatter.swift in Sources */,
				27B101A32E858633005B88D6 /* ChartHelpers.swift in Sources */,
				27B101B52E85C146005B88D6 /* TransactionsListView.swift in Sources */,
				27B101572E851246005B88D6 /* Extensions.swift in Sources */,
				27B101B72E85C38D005B88D6 /* Transaction.swift in Sources */,
				27B101C42E85C7EB005B88D6 /* MatchBadge.swift in Sources */,
				27B101582E851246005B88D6 /* Log.swift in Sources */,
				27B101A02E857C7A005B88D6 /* PressableRowStyle.swift in Sources */,
				27B1017D2E853764005B88D6 /* StatementStorage.swift in Sources */,
				27B101592E851246005B88D6 /* MerchantHistoryView.swift in Sources */,
				27B101A72E859449005B88D6 /* SpendingChartDailyBars.swift in Sources */,
				27B101CB2E86585C005B88D6 /* OnboardingView.swift in Sources */,
				27B1018D2E85422C005B88D6 /* APIClient.swift in Sources */,
				27B1015A2E851246005B88D6 /* QRCodeView.swift in Sources */,
				279324DC2E8F8E1D00BC9320 /* AnalyticsService.swift in Sources */,
				27B1015B2E851246005B88D6 /* QRScannerView.swift in Sources */,
				27B101C02E85C7A9005B88D6 /* TxAdapter.swift in Sources */,
				27B101B32E85C0E5005B88D6 /* TransactionRow.swift in Sources */,
				27B101C72E85CE85005B88D6 /* Notifications.swift in Sources */,
				27B1015C2E851246005B88D6 /* QRScanSheet.swift in Sources */,
				27B101722E853700005B88D6 /* ShareSheet.swift in Sources */,
				27B1017B2E85374D005B88D6 /* StatementsRootView.swift in Sources */,
				27B1019E2E857A61005B88D6 /* DateFormatters.swift in Sources */,
				27B101BB2E85C499005B88D6 /* InAppBrowserView.swift in Sources */,
				27B101802E8537D5005B88D6 /* DebugLog.swift in Sources */,
				27B1018B2E853E89005B88D6 /* MainTabView.swift in Sources */,
				27B101B92E85C3AA005B88D6 /* ReceiptMatch.swift in Sources */,
				27B101AA2E85C06A005B88D6 /* ReceiptTicket.swift in Sources */,
				27B101772E853726005B88D6 /* Models.swift in Sources */,
				27B101782E853726005B88D6 /* ISO8601+TZ.swift in Sources */,
				27B101972E8556F7005B88D6 /* PrimaryButtonStyle.swift in Sources */,
				27B101792E853726005B88D6 /* DateAndDecodingHelpers.swift in Sources */,
				27B101AF2E85C0B0005B88D6 /* ReceiptMatchStore.swift in Sources */,
				27B1015D2E851246005B88D6 /* Receipt.swift in Sources */,
				27B1015E2E851246005B88D6 /* ReceiptDetailView.swift in Sources */,
				27AB619E2E94BC50008E23FC /* SalykAPI.swift in Sources */,
				27B1015F2E851246005B88D6 /* ReceiptFetcher.swift in Sources */,
				27B101602E851246005B88D6 /* ReceiptsMVPApp.swift in Sources */,
				27B101612E851246005B88D6 /* ReceiptStore.swift in Sources */,
				27B101C22E85C7C5005B88D6 /* ReceiptStorageBridge.swift in Sources */,
			);
			runOnlyForDeploymentPostprocessing = 0;
		};
/* End PBXSourcesBuildPhase section */

/* Begin XCBuildConfiguration section */
		278F15FD2E7931DD008A4D1C /* Debug */ = {
			isa = XCBuildConfiguration;
			buildSettings = {
				ALWAYS_SEARCH_USER_PATHS = NO;
				ASSETCATALOG_COMPILER_GENERATE_SWIFT_ASSET_SYMBOL_EXTENSIONS = YES;
				CLANG_ANALYZER_NONNULL = YES;
				CLANG_ANALYZER_NUMBER_OBJECT_CONVERSION = YES_AGGRESSIVE;
				CLANG_CXX_LANGUAGE_STANDARD = "gnu++20";
				CLANG_ENABLE_MODULES = YES;
				CLANG_ENABLE_OBJC_ARC = YES;
				CLANG_ENABLE_OBJC_WEAK = YES;
				CLANG_WARN_BLOCK_CAPTURE_AUTORELEASING = YES;
				CLANG_WARN_BOOL_CONVERSION = YES;
				CLANG_WARN_COMMA = YES;
				CLANG_WARN_CONSTANT_CONVERSION = YES;
				CLANG_WARN_DEPRECATED_OBJC_IMPLEMENTATIONS = YES;
				CLANG_WARN_DIRECT_OBJC_ISA_USAGE = YES_ERROR;
				CLANG_WARN_DOCUMENTATION_COMMENTS = YES;
				CLANG_WARN_EMPTY_BODY = YES;
				CLANG_WARN_ENUM_CONVERSION = YES;
				CLANG_WARN_INFINITE_RECURSION = YES;
				CLANG_WARN_INT_CONVERSION = YES;
				CLANG_WARN_NON_LITERAL_NULL_CONVERSION = YES;
				CLANG_WARN_OBJC_IMPLICIT_RETAIN_SELF = YES;
				CLANG_WARN_OBJC_LITERAL_CONVERSION = YES;
				CLANG_WARN_OBJC_ROOT_CLASS = YES_ERROR;
				CLANG_WARN_QUOTED_INCLUDE_IN_FRAMEWORK_HEADER = YES;
				CLANG_WARN_RANGE_LOOP_ANALYSIS = YES;
				CLANG_WARN_STRICT_PROTOTYPES = YES;
				CLANG_WARN_SUSPICIOUS_MOVE = YES;
				CLANG_WARN_UNGUARDED_AVAILABILITY = YES_AGGRESSIVE;
				CLANG_WARN_UNREACHABLE_CODE = YES;
				CLANG_WARN__DUPLICATE_METHOD_MATCH = YES;
				COPY_PHASE_STRIP = NO;
				DEBUG_INFORMATION_FORMAT = dwarf;
				ENABLE_STRICT_OBJC_MSGSEND = YES;
				ENABLE_TESTABILITY = YES;
				ENABLE_USER_SCRIPT_SANDBOXING = YES;
				GCC_C_LANGUAGE_STANDARD = gnu17;
				GCC_DYNAMIC_NO_PIC = NO;
				GCC_NO_COMMON_BLOCKS = YES;
				GCC_OPTIMIZATION_LEVEL = 0;
				GCC_PREPROCESSOR_DEFINITIONS = (
					"DEBUG=1",
					"$(inherited)",
				);
				GCC_WARN_64_TO_32_BIT_CONVERSION = YES;
				GCC_WARN_ABOUT_RETURN_TYPE = YES_ERROR;
				GCC_WARN_UNDECLARED_SELECTOR = YES;
				GCC_WARN_UNINITIALIZED_AUTOS = YES_AGGRESSIVE;
				GCC_WARN_UNUSED_FUNCTION = YES;
				GCC_WARN_UNUSED_VARIABLE = YES;
				INFOPLIST_KEY_AMPLITUDE_API_KEY = "";
				IPHONEOS_DEPLOYMENT_TARGET = 26.0;
				LOCALIZATION_PREFERS_STRING_CATALOGS = YES;
				MTL_ENABLE_DEBUG_INFO = INCLUDE_SOURCE;
				MTL_FAST_MATH = YES;
				ONLY_ACTIVE_ARCH = YES;
				SDKROOT = iphoneos;
				SWIFT_ACTIVE_COMPILATION_CONDITIONS = "DEBUG $(inherited)";
				SWIFT_OPTIMIZATION_LEVEL = "-Onone";
			};
			name = Debug;
		};
		278F15FE2E7931DD008A4D1C /* Release */ = {
			isa = XCBuildConfiguration;
			buildSettings = {
				ALWAYS_SEARCH_USER_PATHS = NO;
				ASSETCATALOG_COMPILER_GENERATE_SWIFT_ASSET_SYMBOL_EXTENSIONS = YES;
				CLANG_ANALYZER_NONNULL = YES;
				CLANG_ANALYZER_NUMBER_OBJECT_CONVERSION = YES_AGGRESSIVE;
				CLANG_CXX_LANGUAGE_STANDARD = "gnu++20";
				CLANG_ENABLE_MODULES = YES;
				CLANG_ENABLE_OBJC_ARC = YES;
				CLANG_ENABLE_OBJC_WEAK = YES;
				CLANG_WARN_BLOCK_CAPTURE_AUTORELEASING = YES;
				CLANG_WARN_BOOL_CONVERSION = YES;
				CLANG_WARN_COMMA = YES;
				CLANG_WARN_CONSTANT_CONVERSION = YES;
				CLANG_WARN_DEPRECATED_OBJC_IMPLEMENTATIONS = YES;
				CLANG_WARN_DIRECT_OBJC_ISA_USAGE = YES_ERROR;
				CLANG_WARN_DOCUMENTATION_COMMENTS = YES;
				CLANG_WARN_EMPTY_BODY = YES;
				CLANG_WARN_ENUM_CONVERSION = YES;
				CLANG_WARN_INFINITE_RECURSION = YES;
				CLANG_WARN_INT_CONVERSION = YES;
				CLANG_WARN_NON_LITERAL_NULL_CONVERSION = YES;
				CLANG_WARN_OBJC_IMPLICIT_RETAIN_SELF = YES;
				CLANG_WARN_OBJC_LITERAL_CONVERSION = YES;
				CLANG_WARN_OBJC_ROOT_CLASS = YES_ERROR;
				CLANG_WARN_QUOTED_INCLUDE_IN_FRAMEWORK_HEADER = YES;
				CLANG_WARN_RANGE_LOOP_ANALYSIS = YES;
				CLANG_WARN_STRICT_PROTOTYPES = YES;
				CLANG_WARN_SUSPICIOUS_MOVE = YES;
				CLANG_WARN_UNGUARDED_AVAILABILITY = YES_AGGRESSIVE;
				CLANG_WARN_UNREACHABLE_CODE = YES;
				CLANG_WARN__DUPLICATE_METHOD_MATCH = YES;
				COPY_PHASE_STRIP = NO;
				DEBUG_INFORMATION_FORMAT = "dwarf-with-dsym";
				ENABLE_NS_ASSERTIONS = NO;
				ENABLE_STRICT_OBJC_MSGSEND = YES;
				ENABLE_USER_SCRIPT_SANDBOXING = YES;
				GCC_C_LANGUAGE_STANDARD = gnu17;
				GCC_NO_COMMON_BLOCKS = YES;
				GCC_WARN_64_TO_32_BIT_CONVERSION = YES;
				GCC_WARN_ABOUT_RETURN_TYPE = YES_ERROR;
				GCC_WARN_UNDECLARED_SELECTOR = YES;
				GCC_WARN_UNINITIALIZED_AUTOS = YES_AGGRESSIVE;
				GCC_WARN_UNUSED_FUNCTION = YES;
				GCC_WARN_UNUSED_VARIABLE = YES;
				INFOPLIST_KEY_AMPLITUDE_API_KEY = "";
				IPHONEOS_DEPLOYMENT_TARGET = 26.0;
				LOCALIZATION_PREFERS_STRING_CATALOGS = YES;
				MTL_ENABLE_DEBUG_INFO = NO;
				MTL_FAST_MATH = YES;
				SDKROOT = iphoneos;
				SWIFT_COMPILATION_MODE = wholemodule;
				VALIDATE_PRODUCT = YES;
			};
			name = Release;
		};
		278F16002E7931DD008A4D1C /* Debug */ = {
			isa = XCBuildConfiguration;
			buildSettings = {
				ASSETCATALOG_COMPILER_APPICON_NAME = AppIcon;
				ASSETCATALOG_COMPILER_GLOBAL_ACCENT_COLOR_NAME = AccentColor;
				ASSETCATALOG_COMPILER_INCLUDE_ALL_APPICON_ASSETS = NO;
				CODE_SIGN_STYLE = Automatic;
				CURRENT_PROJECT_VERSION = 3;
				DEVELOPMENT_TEAM = PLGY9T42DM;
				ENABLE_PREVIEWS = YES;
				GENERATE_INFOPLIST_FILE = NO;
				INFOPLIST_FILE = Info.plist;
				INFOPLIST_KEY_CFBundleDisplayName = "Мои чеки+";
				INFOPLIST_KEY_LSApplicationCategoryType = "public.app-category.finance";
				INFOPLIST_KEY_NSCameraUsageDescription = "Нужна камера для сканирования QR на чеках";
				INFOPLIST_KEY_NSPhotoLibraryUsageDescription = "Нужен доступ к галерее для выбора QR с чека";
				INFOPLIST_KEY_UIApplicationSceneManifest_Generation = YES;
				INFOPLIST_KEY_UIApplicationSupportsIndirectInputEvents = YES;
				INFOPLIST_KEY_UILaunchScreen_Generation = YES;
				INFOPLIST_KEY_UISupportedInterfaceOrientations_iPad = "UIInterfaceOrientationPortrait UIInterfaceOrientationPortraitUpsideDown UIInterfaceOrientationLandscapeLeft UIInterfaceOrientationLandscapeRight";
				INFOPLIST_KEY_UISupportedInterfaceOrientations_iPhone = "UIInterfaceOrientationPortrait UIInterfaceOrientationLandscapeLeft UIInterfaceOrientationLandscapeRight";
				IPHONEOS_DEPLOYMENT_TARGET = 17.6;
				LD_RUNPATH_SEARCH_PATHS = (
					"$(inherited)",
					"@executable_path/Frameworks",
				);
				MARKETING_VERSION = 1.0.1;
				PRODUCT_BUNDLE_IDENTIFIER = presearch.ReceiptsMVP;
				PRODUCT_NAME = "$(TARGET_NAME)";
				STRING_CATALOG_GENERATE_SYMBOLS = YES;
				SWIFT_APPROACHABLE_CONCURRENCY = YES;
				SWIFT_DEFAULT_ACTOR_ISOLATION = MainActor;
				SWIFT_EMIT_LOC_STRINGS = YES;
				SWIFT_UPCOMING_FEATURE_MEMBER_IMPORT_VISIBILITY = YES;
				SWIFT_VERSION = 5.0;
				TARGETED_DEVICE_FAMILY = 1;
				asd = "";
			};
			name = Debug;
		};
		278F16012E7931DD008A4D1C /* Release */ = {
			isa = XCBuildConfiguration;
			buildSettings = {
				ASSETCATALOG_COMPILER_APPICON_NAME = AppIcon;
				ASSETCATALOG_COMPILER_GLOBAL_ACCENT_COLOR_NAME = AccentColor;
				ASSETCATALOG_COMPILER_INCLUDE_ALL_APPICON_ASSETS = NO;
				CODE_SIGN_STYLE = Automatic;
				CURRENT_PROJECT_VERSION = 3;
				DEVELOPMENT_TEAM = PLGY9T42DM;
				ENABLE_PREVIEWS = YES;
				GENERATE_INFOPLIST_FILE = NO;
				INFOPLIST_FILE = Info.plist;
				INFOPLIST_KEY_CFBundleDisplayName = "Мои чеки+";
				INFOPLIST_KEY_LSApplicationCategoryType = "public.app-category.finance";
				INFOPLIST_KEY_NSCameraUsageDescription = "Нужна камера для сканирования QR на чеках";
				INFOPLIST_KEY_NSPhotoLibraryUsageDescription = "Нужен доступ к галерее для выбора QR с чека";
				INFOPLIST_KEY_UIApplicationSceneManifest_Generation = YES;
				INFOPLIST_KEY_UIApplicationSupportsIndirectInputEvents = YES;
				INFOPLIST_KEY_UILaunchScreen_Generation = YES;
				INFOPLIST_KEY_UISupportedInterfaceOrientations_iPad = "UIInterfaceOrientationPortrait UIInterfaceOrientationPortraitUpsideDown UIInterfaceOrientationLandscapeLeft UIInterfaceOrientationLandscapeRight";
				INFOPLIST_KEY_UISupportedInterfaceOrientations_iPhone = "UIInterfaceOrientationPortrait UIInterfaceOrientationLandscapeLeft UIInterfaceOrientationLandscapeRight";
				IPHONEOS_DEPLOYMENT_TARGET = 17.6;
				LD_RUNPATH_SEARCH_PATHS = (
					"$(inherited)",
					"@executable_path/Frameworks",
				);
				MARKETING_VERSION = 1.0.1;
				PRODUCT_BUNDLE_IDENTIFIER = presearch.ReceiptsMVP;
				PRODUCT_NAME = "$(TARGET_NAME)";
				STRING_CATALOG_GENERATE_SYMBOLS = YES;
				SWIFT_APPROACHABLE_CONCURRENCY = YES;
				SWIFT_DEFAULT_ACTOR_ISOLATION = MainActor;
				SWIFT_EMIT_LOC_STRINGS = YES;
				SWIFT_UPCOMING_FEATURE_MEMBER_IMPORT_VISIBILITY = YES;
				SWIFT_VERSION = 5.0;
				TARGETED_DEVICE_FAMILY = 1;
				asd = "";
			};
			name = Release;
		};
/* End XCBuildConfiguration section */

/* Begin XCConfigurationList section */
		278F15EF2E7931DC008A4D1C /* Build configuration list for PBXProject "ReceiptsMVP" */ = {
			isa = XCConfigurationList;
			buildConfigurations = (
				278F15FD2E7931DD008A4D1C /* Debug */,
				278F15FE2E7931DD008A4D1C /* Release */,
			);
			defaultConfigurationIsVisible = 0;
			defaultConfigurationName = Release;
		};
		278F15FF2E7931DD008A4D1C /* Build configuration list for PBXNativeTarget "ReceiptsMVP" */ = {
			isa = XCConfigurationList;
			buildConfigurations = (
				278F16002E7931DD008A4D1C /* Debug */,
				278F16012E7931DD008A4D1C /* Release */,
			);
			defaultConfigurationIsVisible = 0;
			defaultConfigurationName = Release;
		};
/* End XCConfigurationList section */

/* Begin XCRemoteSwiftPackageReference section */
		278081C32E7A7AAE00CD0907 /* XCRemoteSwiftPackageReference "SwiftSoup" */ = {
			isa = XCRemoteSwiftPackageReference;
			repositoryURL = "https://github.com/scinfu/SwiftSoup";
			requirement = {
				kind = upToNextMajorVersion;
				minimumVersion = 2.11.1;
			};
		};
		279324D32E8F8BDA00BC9320 /* XCRemoteSwiftPackageReference "Amplitude-Swift" */ = {
			isa = XCRemoteSwiftPackageReference;
			repositoryURL = "https://github.com/amplitude/Amplitude-Swift";
			requirement = {
				branch = main;
				kind = branch;
			};
		};
/* End XCRemoteSwiftPackageReference section */

/* Begin XCSwiftPackageProductDependency section */
		278081C42E7A7AAE00CD0907 /* SwiftSoup */ = {
			isa = XCSwiftPackageProductDependency;
			package = 278081C32E7A7AAE00CD0907 /* XCRemoteSwiftPackageReference "SwiftSoup" */;
			productName = SwiftSoup;
		};
		279324D42E8F8BDA00BC9320 /* AmplitudeSwift */ = {
			isa = XCSwiftPackageProductDependency;
			package = 279324D32E8F8BDA00BC9320 /* XCRemoteSwiftPackageReference "Amplitude-Swift" */;
			productName = AmplitudeSwift;
		};
/* End XCSwiftPackageProductDependency section */
	};
	rootObject = 278F15EC2E7931DC008A4D1C /* Project object */;
}
